// !$*UTF8*$!
{
	archiveVersion = 1;
	classes = {
	};
	objectVersion = 56;
	objects = {

/* Begin PBXBuildFile section */
		5A1D28CA2F4DA3EA005DC2DC /* FeedView.swift in Sources */ = {isa = PBXBuildFile; fileRef = 5A1D28C92F4DA3EA005DC2DC /* FeedView.swift */; };
		5A1D28CC2F4DA8A2005DC2DC /* StorySectionView.swift in Sources */ = {isa = PBXBuildFile; fileRef = 5A1D28CB2F4DA8A2005DC2DC /* StorySectionView.swift */; };
		5A1D28CE2F4DA983005DC2DC /* InboxView.swift in Sources */ = {isa = PBXBuildFile; fileRef = 5A1D28CD2F4DA983005DC2DC /* InboxView.swift */; };
		5A1D28D02F4DA9B8005DC2DC /* ChatView.swift in Sources */ = {isa = PBXBuildFile; fileRef = 5A1D28CF2F4DA9B8005DC2DC /* ChatView.swift */; };
		5A1D28D42F4DAEC5005DC2DC /* ProfileHeaderView.swift in Sources */ = {isa = PBXBuildFile; fileRef = 5A1D28D32F4DAEC5005DC2DC /* ProfileHeaderView.swift */; };
		5A1D28D62F4DAEF3005DC2DC /* ProfileView.swift in Sources */ = {isa = PBXBuildFile; fileRef = 5A1D28D52F4DAEF3005DC2DC /* ProfileView.swift */; };
		5A1D28D82F4DAFB4005DC2DC /* UploadPostViewModel.swift in Sources */ = {isa = PBXBuildFile; fileRef = 5A1D28D72F4DAFB4005DC2DC /* UploadPostViewModel.swift */; };
		5A1D28DA2F4DAFEA005DC2DC /* UploadPostView.swift in Sources */ = {isa = PBXBuildFile; fileRef = 5A1D28D92F4DAFEA005DC2DC /* UploadPostView.swift */; };
		5AB47A7F2F4C1BFF001280DD /* instagram_cloneApp.swift in Sources */ = {isa = PBXBuildFile; fileRef = 5AB47A7E2F4C1BFF001280DD /* instagram_cloneApp.swift */; };
		5AB47A812F4C1BFF001280DD /* MainTabView.swift in Sources */ = {isa = PBXBuildFile; fileRef = 5AB47A802F4C1BFF001280DD /* MainTabView.swift */; };
		5AB47A832F4C1C01001280DD /* Assets.xcassets in Resources */ = {isa = PBXBuildFile; fileRef = 5AB47A822F4C1C01001280DD /* Assets.xcassets */; };
		5AB47A862F4C1C01001280DD /* Preview Assets.xcassets in Resources */ = {isa = PBXBuildFile; fileRef = 5AB47A852F4C1C01001280DD /* Preview Assets.xcassets */; };
		5AB47A8E2F4C26D8001280DD /* User.swift in Sources */ = {isa = PBXBuildFile; fileRef = 5AB47A8D2F4C26D8001280DD /* User.swift */; };
		5AB47A902F4C270F001280DD /* Post.swift in Sources */ = {isa = PBXBuildFile; fileRef = 5AB47A8F2F4C270F001280DD /* Post.swift */; };
		5AB47A932F4C2816001280DD /* PostCell.swift in Sources */ = {isa = PBXBuildFile; fileRef = 5AB47A922F4C2816001280DD /* PostCell.swift */; };
/* End PBXBuildFile section */

/* Begin PBXFileReference section */
		5A1D28C92F4DA3EA005DC2DC /* FeedView.swift */ = {isa = PBXFileReference; lastKnownFileType = sourcecode.swift; path = FeedView.swift; sourceTree = "<group>"; };
		5A1D28CB2F4DA8A2005DC2DC /* StorySectionView.swift */ = {isa = PBXFileReference; lastKnownFileType = sourcecode.swift; path = StorySectionView.swift; sourceTree = "<group>"; };
		5A1D28CD2F4DA983005DC2DC /* InboxView.swift */ = {isa = PBXFileReference; lastKnownFileType = sourcecode.swift; path = InboxView.swift; sourceTree = "<group>"; };
		5A1D28CF2F4DA9B8005DC2DC /* ChatView.swift */ = {isa = PBXFileReference; lastKnownFileType = sourcecode.swift; path = ChatView.swift; sourceTree = "<group>"; };
		5A1D28D32F4DAEC5005DC2DC /* ProfileHeaderView.swift */ = {isa = PBXFileReference; lastKnownFileType = sourcecode.swift; path = ProfileHeaderView.swift; sourceTree = "<group>"; };
		5A1D28D52F4DAEF3005DC2DC /* ProfileView.swift */ = {isa = PBXFileReference; lastKnownFileType = sourcecode.swift; path = ProfileView.swift; sourceTree = "<group>"; };
		5A1D28D72F4DAFB4005DC2DC /* UploadPostViewModel.swift */ = {isa = PBXFileReference; lastKnownFileType = sourcecode.swift; path = UploadPostViewModel.swift; sourceTree = "<group>"; };
		5A1D28D92F4DAFEA005DC2DC /* UploadPostView.swift */ = {isa = PBXFileReference; lastKnownFileType = sourcecode.swift; path = UploadPostView.swift; sourceTree = "<group>"; };
		5AB47A7B2F4C1BFF001280DD /* instagram_clone.app */ = {isa = PBXFileReference; explicitFileType = wrapper.application; includeInIndex = 0; path = instagram_clone.app; sourceTree = BUILT_PRODUCTS_DIR; };
		5AB47A7E2F4C1BFF001280DD /* instagram_cloneApp.swift */ = {isa = PBXFileReference; lastKnownFileType = sourcecode.swift; path = instagram_cloneApp.swift; sourceTree = "<group>"; };
		5AB47A802F4C1BFF001280DD /* MainTabView.swift */ = {isa = PBXFileReference; lastKnownFileType = sourcecode.swift; path = MainTabView.swift; sourceTree = "<group>"; };
		5AB47A822F4C1C01001280DD /* Assets.xcassets */ = {isa = PBXFileReference; lastKnownFileType = folder.assetcatalog; path = Assets.xcassets; sourceTree = "<group>"; };
		5AB47A852F4C1C01001280DD /* Preview Assets.xcassets */ = {isa = PBXFileReference; lastKnownFileType = folder.assetcatalog; path = "Preview Assets.xcassets"; sourceTree = "<group>"; };
		5AB47A8D2F4C26D8001280DD /* User.swift */ = {isa = PBXFileReference; lastKnownFileType = sourcecode.swift; path = User.swift; sourceTree = "<group>"; };
		5AB47A8F2F4C270F001280DD /* Post.swift */ = {isa = PBXFileReference; lastKnownFileType = sourcecode.swift; path = Post.swift; sourceTree = "<group>"; };
		5AB47A922F4C2816001280DD /* PostCell.swift */ = {isa = PBXFileReference; lastKnownFileType = sourcecode.swift; path = PostCell.swift; sourceTree = "<group>"; };
/* End PBXFileReference section */

/* Begin PBXFrameworksBuildPhase section */
		5AB47A782F4C1BFF001280DD /* Frameworks */ = {
			isa = PBXFrameworksBuildPhase;
			buildActionMask = 2147483647;
			files = (
			);
			runOnlyForDeploymentPostprocessing = 0;
		};
/* End PBXFrameworksBuildPhase section */

/* Begin PBXGroup section */
		5AB47A722F4C1BFF001280DD = {
			isa = PBXGroup;
			children = (
				5AB47A7D2F4C1BFF001280DD /* instagram_clone */,
				5AB47A7C2F4C1BFF001280DD /* Products */,
			);
			sourceTree = "<group>";
		};
		5AB47A7C2F4C1BFF001280DD /* Products */ = {
			isa = PBXGroup;
			children = (
				5AB47A7B2F4C1BFF001280DD /* instagram_clone.app */,
			);
			name = Products;
			sourceTree = "<group>";
		};
		5AB47A7D2F4C1BFF001280DD /* instagram_clone */ = {
			isa = PBXGroup;
			children = (
				5AB47A912F4C27DF001280DD /* Views */,
				5AB47A8C2F4C26C0001280DD /* Models */,
				5AB47A7E2F4C1BFF001280DD /* instagram_cloneApp.swift */,
				5AB47A822F4C1C01001280DD /* Assets.xcassets */,
				5AB47A842F4C1C01001280DD /* Preview Content */,
			);
			path = instagram_clone;
			sourceTree = "<group>";
		};
		5AB47A842F4C1C01001280DD /* Preview Content */ = {
			isa = PBXGroup;
			children = (
				5AB47A852F4C1C01001280DD /* Preview Assets.xcassets */,
			);
			path = "Preview Content";
			sourceTree = "<group>";
		};
		5AB47A8C2F4C26C0001280DD /* Models */ = {
			isa = PBXGroup;
			children = (
				5AB47A8D2F4C26D8001280DD /* User.swift */,
				5A1D28D72F4DAFB4005DC2DC /* UploadPostViewModel.swift */,
				5AB47A8F2F4C270F001280DD /* Post.swift */,
			);
			path = Models;
			sourceTree = "<group>";
		};
		5AB47A912F4C27DF001280DD /* Views */ = {
			isa = PBXGroup;
			children = (
				5AB47A802F4C1BFF001280DD /* MainTabView.swift */,
				5AB47A922F4C2816001280DD /* PostCell.swift */,
				5A1D28C92F4DA3EA005DC2DC /* FeedView.swift */,
				5A1D28CB2F4DA8A2005DC2DC /* StorySectionView.swift */,
				5A1D28CD2F4DA983005DC2DC /* InboxView.swift */,
				5A1D28CF2F4DA9B8005DC2DC /* ChatView.swift */,
				5A1D28D32F4DAEC5005DC2DC /* ProfileHeaderView.swift */,
				5A1D28D52F4DAEF3005DC2DC /* ProfileView.swift */,
				5A1D28D92F4DAFEA005DC2DC /* UploadPostView.swift */,
			);
			path = Views;
			sourceTree = "<group>";
		};
/* End PBXGroup section */

/* Begin PBXNativeTarget section */
		5AB47A7A2F4C1BFF001280DD /* instagram_clone */ = {
			isa = PBXNativeTarget;
			buildConfigurationList = 5AB47A892F4C1C01001280DD /* Build configuration list for PBXNativeTarget "instagram_clone" */;
			buildPhases = (
				5AB47A772F4C1BFF001280DD /* Sources */,
				5AB47A782F4C1BFF001280DD /* Frameworks */,
				5AB47A792F4C1BFF001280DD /* Resources */,
			);
			buildRules = (
			);
			dependencies = (
			);
			name = instagram_clone;
			productName = instagram_clone;
			productReference = 5AB47A7B2F4C1BFF001280DD /* instagram_clone.app */;
			productType = "com.apple.product-type.application";
		};
/* End PBXNativeTarget section */

/* Begin PBXProject section */
		5AB47A732F4C1BFF001280DD /* Project object */ = {
			isa = PBXProject;
			attributes = {
				BuildIndependentTargetsInParallel = 1;
				LastSwiftUpdateCheck = 1420;
				LastUpgradeCheck = 1420;
				TargetAttributes = {
					5AB47A7A2F4C1BFF001280DD = {
						CreatedOnToolsVersion = 14.2;
					};
				};
			};
			buildConfigurationList = 5AB47A762F4C1BFF001280DD /* Build configuration list for PBXProject "instagram_clone" */;
			compatibilityVersion = "Xcode 14.0";
			developmentRegion = en;
			hasScannedForEncodings = 0;
			knownRegions = (
				en,
				Base,
			);
			mainGroup = 5AB47A722F4C1BFF001280DD;
			productRefGroup = 5AB47A7C2F4C1BFF001280DD /* Products */;
			projectDirPath = "";
			projectRoot = "";
			targets = (
				5AB47A7A2F4C1BFF001280DD /* instagram_clone */,
			);
		};
/* End PBXProject section */

/* Begin PBXResourcesBuildPhase section */
		5AB47A792F4C1BFF001280DD /* Resources */ = {
			isa = PBXResourcesBuildPhase;
			buildActionMask = 2147483647;
			files = (
				5AB47A862F4C1C01001280DD /* Preview Assets.xcassets in Resources */,
				5AB47A832F4C1C01001280DD /* Assets.xcassets in Resources */,
			);
			runOnlyForDeploymentPostprocessing = 0;
		};
/* End PBXResourcesBuildPhase section */

/* Begin PBXSourcesBuildPhase section */
		5AB47A772F4C1BFF001280DD /* Sources */ = {
			isa = PBXSourcesBuildPhase;
			buildActionMask = 2147483647;
			files = (
				5AB47A812F4C1BFF001280DD /* MainTabView.swift in Sources */,
				5A1D28CC2F4DA8A2005DC2DC /* StorySectionView.swift in Sources */,
				5AB47A7F2F4C1BFF001280DD /* instagram_cloneApp.swift in Sources */,
				5AB47A8E2F4C26D8001280DD /* User.swift in Sources */,
				5A1D28D02F4DA9B8005DC2DC /* ChatView.swift in Sources */,
				5AB47A902F4C270F001280DD /* Post.swift in Sources */,
				5A1D28CE2F4DA983005DC2DC /* InboxView.swift in Sources */,
				5A1D28DA2F4DAFEA005DC2DC /* UploadPostView.swift in Sources */,
				5A1D28D42F4DAEC5005DC2DC /* ProfileHeaderView.swift in Sources */,
				5A1D28CA2F4DA3EA005DC2DC /* FeedView.swift in Sources */,
				5A1D28D62F4DAEF3005DC2DC /* ProfileView.swift in Sources */,
				5AB47A932F4C2816001280DD /* PostCell.swift in Sources */,
				5A1D28D82F4DAFB4005DC2DC /* UploadPostViewModel.swift in Sources */,
			);
			runOnlyForDeploymentPostprocessing = 0;
		};
/* End PBXSourcesBuildPhase section */

/* Begin XCBuildConfiguration section */
		5AB47A872F4C1C01001280DD /* Debug */ = {
			isa = XCBuildConfiguration;
			buildSettings = {
				ALWAYS_SEARCH_USER_PATHS = NO;
				CLANG_ANALYZER_NONNULL = YES;
				CLANG_ANALYZER_NUMBER_OBJECT_CONVERSION = YES_AGGRESSIVE;
				CLANG_CXX_LANGUAGE_STANDARD = "gnu++20";
				CLANG_ENABLE_MODULES = YES;
				CLANG_ENABLE_OBJC_ARC = YES;
				CLANG_ENABLE_OBJC_WEAK = YES;
				CLANG_WARN_BLOCK_CAPTURE_AUTORELEASING = YES;
				CLANG_WARN_BOOL_CONVERSION = YES;
				CLANG_WARN_COMMA = YES;
				CLANG_WARN_CONSTANT_CONVERSION = YES;
				CLANG_WARN_DEPRECATED_OBJC_IMPLEMENTATIONS = YES;
				CLANG_WARN_DIRECT_OBJC_ISA_USAGE = YES_ERROR;
				CLANG_WARN_DOCUMENTATION_COMMENTS = YES;
				CLANG_WARN_EMPTY_BODY = YES;
				CLANG_WARN_ENUM_CONVERSION = YES;
				CLANG_WARN_INFINITE_RECURSION = YES;
				CLANG_WARN_INT_CONVERSION = YES;
				CLANG_WARN_NON_LITERAL_NULL_CONVERSION = YES;
				CLANG_WARN_OBJC_IMPLICIT_RETAIN_SELF = YES;
				CLANG_WARN_OBJC_LITERAL_CONVERSION = YES;
				CLANG_WARN_OBJC_ROOT_CLASS = YES_ERROR;
				CLANG_WARN_QUOTED_INCLUDE_IN_FRAMEWORK_HEADER = YES;
				CLANG_WARN_RANGE_LOOP_ANALYSIS = YES;
				CLANG_WARN_STRICT_PROTOTYPES = YES;
				CLANG_WARN_SUSPICIOUS_MOVE = YES;
				CLANG_WARN_UNGUARDED_AVAILABILITY = YES_AGGRESSIVE;
				CLANG_WARN_UNREACHABLE_CODE = YES;
				CLANG_WARN__DUPLICATE_METHOD_MATCH = YES;
				COPY_PHASE_STRIP = NO;
				DEBUG_INFORMATION_FORMAT = dwarf;
				ENABLE_STRICT_OBJC_MSGSEND = YES;
				ENABLE_TESTABILITY = YES;
				GCC_C_LANGUAGE_STANDARD = gnu11;
				GCC_DYNAMIC_NO_PIC = NO;
				GCC_NO_COMMON_BLOCKS = YES;
				GCC_OPTIMIZATION_LEVEL = 0;
				GCC_PREPROCESSOR_DEFINITIONS = (
					"DEBUG=1",
					"$(inherited)",
				);
				GCC_WARN_64_TO_32_BIT_CONVERSION = YES;
				GCC_WARN_ABOUT_RETURN_TYPE = YES_ERROR;
				GCC_WARN_UNDECLARED_SELECTOR = YES;
				GCC_WARN_UNINITIALIZED_AUTOS = YES_AGGRESSIVE;
				GCC_WARN_UNUSED_FUNCTION = YES;
				GCC_WARN_UNUSED_VARIABLE = YES;
				IPHONEOS_DEPLOYMENT_TARGET = 16.2;
				MTL_ENABLE_DEBUG_INFO = INCLUDE_SOURCE;
				MTL_FAST_MATH = YES;
				ONLY_ACTIVE_ARCH = YES;
				SDKROOT = iphoneos;
				SWIFT_ACTIVE_COMPILATION_CONDITIONS = DEBUG;
				SWIFT_OPTIMIZATION_LEVEL = "-Onone";
			};
			name = Debug;
		};
		5AB47A882F4C1C01001280DD /* Release */ = {
			isa = XCBuildConfiguration;
			buildSettings = {
				ALWAYS_SEARCH_USER_PATHS = NO;
				CLANG_ANALYZER_NONNULL = YES;
				CLANG_ANALYZER_NUMBER_OBJECT_CONVERSION = YES_AGGRESSIVE;
				CLANG_CXX_LANGUAGE_STANDARD = "gnu++20";
				CLANG_ENABLE_MODULES = YES;
				CLANG_ENABLE_OBJC_ARC = YES;
				CLANG_ENABLE_OBJC_WEAK = YES;
				CLANG_WARN_BLOCK_CAPTURE_AUTORELEASING = YES;
				CLANG_WARN_BOOL_CONVERSION = YES;
				CLANG_WARN_COMMA = YES;
				CLANG_WARN_CONSTANT_CONVERSION = YES;
				CLANG_WARN_DEPRECATED_OBJC_IMPLEMENTATIONS = YES;
				CLANG_WARN_DIRECT_OBJC_ISA_USAGE = YES_ERROR;
				CLANG_WARN_DOCUMENTATION_COMMENTS = YES;
				CLANG_WARN_EMPTY_BODY = YES;
				CLANG_WARN_ENUM_CONVERSION = YES;
				CLANG_WARN_INFINITE_RECURSION = YES;
				CLANG_WARN_INT_CONVERSION = YES;
				CLANG_WARN_NON_LITERAL_NULL_CONVERSION = YES;
				CLANG_WARN_OBJC_IMPLICIT_RETAIN_SELF = YES;
				CLANG_WARN_OBJC_LITERAL_CONVERSION = YES;
				CLANG_WARN_OBJC_ROOT_CLASS = YES_ERROR;
				CLANG_WARN_QUOTED_INCLUDE_IN_FRAMEWORK_HEADER = YES;
				CLANG_WARN_RANGE_LOOP_ANALYSIS = YES;
				CLANG_WARN_STRICT_PROTOTYPES = YES;
				CLANG_WARN_SUSPICIOUS_MOVE = YES;
				CLANG_WARN_UNGUARDED_AVAILABILITY = YES_AGGRESSIVE;
				CLANG_WARN_UNREACHABLE_CODE = YES;
				CLANG_WARN__DUPLICATE_METHOD_MATCH = YES;
				COPY_PHASE_STRIP = NO;
				DEBUG_INFORMATION_FORMAT = "dwarf-with-dsym";
				ENABLE_NS_ASSERTIONS = NO;
				ENABLE_STRICT_OBJC_MSGSEND = YES;
				GCC_C_LANGUAGE_STANDARD = gnu11;
				GCC_NO_COMMON_BLOCKS = YES;
				GCC_WARN_64_TO_32_BIT_CONVERSION = YES;
				GCC_WARN_ABOUT_RETURN_TYPE = YES_ERROR;
				GCC_WARN_UNDECLARED_SELECTOR = YES;
				GCC_WARN_UNINITIALIZED_AUTOS = YES_AGGRESSIVE;
				GCC_WARN_UNUSED_FUNCTION = YES;
				GCC_WARN_UNUSED_VARIABLE = YES;
				IPHONEOS_DEPLOYMENT_TARGET = 16.2;
				MTL_ENABLE_DEBUG_INFO = NO;
				MTL_FAST_MATH = YES;
				SDKROOT = iphoneos;
				SWIFT_COMPILATION_MODE = wholemodule;
				SWIFT_OPTIMIZATION_LEVEL = "-O";
				VALIDATE_PRODUCT = YES;
			};
			name = Release;
		};
		5AB47A8A2F4C1C01001280DD /* Debug */ = {
			isa = XCBuildConfiguration;
			buildSettings = {
				ASSETCATALOG_COMPILER_APPICON_NAME = AppIcon;
				ASSETCATALOG_COMPILER_GLOBAL_ACCENT_COLOR_NAME = AccentColor;
				CODE_SIGN_STYLE = Automatic;
				CURRENT_PROJECT_VERSION = 1;
				DEVELOPMENT_ASSET_PATHS = "\"instagram_clone/Preview Content\"";
				ENABLE_PREVIEWS = YES;
				GENERATE_INFOPLIST_FILE = YES;
				INFOPLIST_KEY_UIApplicationSceneManifest_Generation = YES;
				INFOPLIST_KEY_UIApplicationSupportsIndirectInputEvents = YES;
				INFOPLIST_KEY_UILaunchScreen_Generation = YES;
				INFOPLIST_KEY_UISupportedInterfaceOrientations_iPad = "UIInterfaceOrientationPortrait UIInterfaceOrientationPortraitUpsideDown UIInterfaceOrientationLandscapeLeft UIInterfaceOrientationLandscapeRight";
				INFOPLIST_KEY_UISupportedInterfaceOrientations_iPhone = "UIInterfaceOrientationPortrait UIInterfaceOrientationLandscapeLeft UIInterfaceOrientationLandscapeRight";
				LD_RUNPATH_SEARCH_PATHS = (
					"$(inherited)",
					"@executable_path/Frameworks",
				);
				MARKETING_VERSION = 1.0;
				PRODUCT_BUNDLE_IDENTIFIER = "com.mynameis.instagram-clone";
				PRODUCT_NAME = "$(TARGET_NAME)";
				SWIFT_EMIT_LOC_STRINGS = YES;
				SWIFT_VERSION = 5.0;
				TARGETED_DEVICE_FAMILY = "1,2";
			};
			name = Debug;
		};
		5AB47A8B2F4C1C01001280DD /* Release */ = {
			isa = XCBuildConfiguration;
			buildSettings = {
				ASSETCATALOG_COMPILER_APPICON_NAME = AppIcon;
				ASSETCATALOG_COMPILER_GLOBAL_ACCENT_COLOR_NAME = AccentColor;
				CODE_SIGN_STYLE = Automatic;
				CURRENT_PROJECT_VERSION = 1;
				DEVELOPMENT_ASSET_PATHS = "\"instagram_clone/Preview Content\"";
				ENABLE_PREVIEWS = YES;
				GENERATE_INFOPLIST_FILE = YES;
				INFOPLIST_KEY_UIApplicationSceneManifest_Generation = YES;
				INFOPLIST_KEY_UIApplicationSupportsIndirectInputEvents = YES;
				INFOPLIST_KEY_UILaunchScreen_Generation = YES;
				INFOPLIST_KEY_UISupportedInterfaceOrientations_iPad = "UIInterfaceOrientationPortrait UIInterfaceOrientationPortraitUpsideDown UIInterfaceOrientationLandscapeLeft UIInterfaceOrientationLandscapeRight";
				INFOPLIST_KEY_UISupportedInterfaceOrientations_iPhone = "UIInterfaceOrientationPortrait UIInterfaceOrientationLandscapeLeft UIInterfaceOrientationLandscapeRight";
				LD_RUNPATH_SEARCH_PATHS = (
					"$(inherited)",
					"@executable_path/Frameworks",
				);
				MARKETING_VERSION = 1.0;
				PRODUCT_BUNDLE_IDENTIFIER = "com.mynameis.instagram-clone";
				PRODUCT_NAME = "$(TARGET_NAME)";
				SWIFT_EMIT_LOC_STRINGS = YES;
				SWIFT_VERSION = 5.0;
				TARGETED_DEVICE_FAMILY = "1,2";
			};
			name = Release;
		};
/* End XCBuildConfiguration section */

/* Begin XCConfigurationList section */
		5AB47A762F4C1BFF001280DD /* Build configuration list for PBXProject "instagram_clone" */ = {
			isa = XCConfigurationList;
			buildConfigurations = (
				5AB47A872F4C1C01001280DD /* Debug */,
				5AB47A882F4C1C01001280DD /* Release */,
			);
			defaultConfigurationIsVisible = 0;
			defaultConfigurationName = Release;
		};
		5AB47A892F4C1C01001280DD /* Build configuration list for PBXNativeTarget "instagram_clone" */ = {
			isa = XCConfigurationList;
			buildConfigurations = (
				5AB47A8A2F4C1C01001280DD /* Debug */,
				5AB47A8B2F4C1C01001280DD /* Release */,
			);
			defaultConfigurationIsVisible = 0;
			defaultConfigurationName = Release;
		};
/* End XCConfigurationList section */
	};
	rootObject = 5AB47A732F4C1BFF001280DD /* Project object */;
}
